// !$*UTF8*$!
{
	archiveVersion = 1;
	classes = {
	};
	objectVersion = 46;
	objects = {

/* Begin PBXBuildFile section */
		B123B9C81B6FD910008793DF /* ResultsTableViewController.m in Sources */ = {isa = PBXBuildFile; fileRef = B123B9C71B6FD910008793DF /* ResultsTableViewController.m */; };
		B123B9CD1B700733008793DF /* StudioNotesSongTableViewCell.m in Sources */ = {isa = PBXBuildFile; fileRef = B123B9CC1B700733008793DF /* StudioNotesSongTableViewCell.m */; };
		B14230F91B6963940059AEF7 /* Share Extension.appex in Embed App Extensions */ = {isa = PBXBuildFile; fileRef = B14230EE1B6963940059AEF7 /* Share Extension.appex */; settings = {ATTRIBUTES = (RemoveHeadersOnCopy, ); }; };
		B14231011B69641F0059AEF7 /* ShareViewController.m in Sources */ = {isa = PBXBuildFile; fileRef = B14231001B69641F0059AEF7 /* ShareViewController.m */; };
		B14231031B69642C0059AEF7 /* MainInterface.storyboard in Resources */ = {isa = PBXBuildFile; fileRef = B14231021B69642C0059AEF7 /* MainInterface.storyboard */; };
		B14231291B6A841A0059AEF7 /* DataSource.m in Sources */ = {isa = PBXBuildFile; fileRef = B1AF943C1B61498F002A1903 /* DataSource.m */; };
		B19BFFAD1B6AC73F00AE61E8 /* Studio_Notes.xcdatamodeld in Sources */ = {isa = PBXBuildFile; fileRef = B1AF94161B61440E002A1903 /* Studio_Notes.xcdatamodeld */; };
		B1AF94121B61440E002A1903 /* main.m in Sources */ = {isa = PBXBuildFile; fileRef = B1AF94111B61440E002A1903 /* main.m */; };
		B1AF94151B61440E002A1903 /* AppDelegate.m in Sources */ = {isa = PBXBuildFile; fileRef = B1AF94141B61440E002A1903 /* AppDelegate.m */; };
		B1AF94181B61440E002A1903 /* Studio_Notes.xcdatamodeld in Sources */ = {isa = PBXBuildFile; fileRef = B1AF94161B61440E002A1903 /* Studio_Notes.xcdatamodeld */; };
		B1AF941B1B61440E002A1903 /* MasterViewController.m in Sources */ = {isa = PBXBuildFile; fileRef = B1AF941A1B61440E002A1903 /* MasterViewController.m */; };
		B1AF941E1B61440E002A1903 /* DetailViewController.m in Sources */ = {isa = PBXBuildFile; fileRef = B1AF941D1B61440E002A1903 /* DetailViewController.m */; };
		B1AF94211B61440E002A1903 /* Main.storyboard in Resources */ = {isa = PBXBuildFile; fileRef = B1AF941F1B61440E002A1903 /* Main.storyboard */; };
		B1AF94231B61440E002A1903 /* Images.xcassets in Resources */ = {isa = PBXBuildFile; fileRef = B1AF94221B61440E002A1903 /* Images.xcassets */; };
		B1AF94261B61440E002A1903 /* LaunchScreen.xib in Resources */ = {isa = PBXBuildFile; fileRef = B1AF94241B61440E002A1903 /* LaunchScreen.xib */; };
		B1AF94321B61440E002A1903 /* Studio_NotesTests.m in Sources */ = {isa = PBXBuildFile; fileRef = B1AF94311B61440E002A1903 /* Studio_NotesTests.m */; };
		B1AF943D1B61498F002A1903 /* DataSource.m in Sources */ = {isa = PBXBuildFile; fileRef = B1AF943C1B61498F002A1903 /* DataSource.m */; };
/* End PBXBuildFile section */

/* Begin PBXContainerItemProxy section */
		B14230F71B6963940059AEF7 /* PBXContainerItemProxy */ = {
			isa = PBXContainerItemProxy;
			containerPortal = B1AF94041B61440E002A1903 /* Project object */;
			proxyType = 1;
			remoteGlobalIDString = B14230ED1B6963940059AEF7;
			remoteInfo = "Share Extension";
		};
		B1AF942C1B61440E002A1903 /* PBXContainerItemProxy */ = {
			isa = PBXContainerItemProxy;
			containerPortal = B1AF94041B61440E002A1903 /* Project object */;
			proxyType = 1;
			remoteGlobalIDString = B1AF940B1B61440E002A1903;
			remoteInfo = "Studio Notes";
		};
/* End PBXContainerItemProxy section */

/* Begin PBXCopyFilesBuildPhase section */
		B14230FD1B6963940059AEF7 /* Embed App Extensions */ = {
			isa = PBXCopyFilesBuildPhase;
			buildActionMask = 2147483647;
			dstPath = "";
			dstSubfolderSpec = 13;
			files = (
				B14230F91B6963940059AEF7 /* Share Extension.appex in Embed App Extensions */,
			);
			name = "Embed App Extensions";
			runOnlyForDeploymentPostprocessing = 0;
		};
		B14231251B69BD440059AEF7 /* Embed Frameworks */ = {
			isa = PBXCopyFilesBuildPhase;
			buildActionMask = 2147483647;
			dstPath = "";
			dstSubfolderSpec = 10;
			files = (
			);
			name = "Embed Frameworks";
			runOnlyForDeploymentPostprocessing = 0;
		};
/* End PBXCopyFilesBuildPhase section */

/* Begin PBXFileReference section */
		B123B9C61B6FD910008793DF /* ResultsTableViewController.h */ = {isa = PBXFileReference; fileEncoding = 4; lastKnownFileType = sourcecode.c.h; path = ResultsTableViewController.h; sourceTree = "<group>"; };
		B123B9C71B6FD910008793DF /* ResultsTableViewController.m */ = {isa = PBXFileReference; fileEncoding = 4; lastKnownFileType = sourcecode.c.objc; path = ResultsTableViewController.m; sourceTree = "<group>"; };
		B123B9CB1B700733008793DF /* StudioNotesSongTableViewCell.h */ = {isa = PBXFileReference; fileEncoding = 4; lastKnownFileType = sourcecode.c.h; path = StudioNotesSongTableViewCell.h; sourceTree = "<group>"; };
		B123B9CC1B700733008793DF /* StudioNotesSongTableViewCell.m */ = {isa = PBXFileReference; fileEncoding = 4; lastKnownFileType = sourcecode.c.objc; path = StudioNotesSongTableViewCell.m; sourceTree = "<group>"; };
		B14230E91B6963800059AEF7 /* Studio Notes.entitlements */ = {isa = PBXFileReference; lastKnownFileType = text.xml; path = "Studio Notes.entitlements"; sourceTree = "<group>"; };
		B14230EE1B6963940059AEF7 /* Share Extension.appex */ = {isa = PBXFileReference; explicitFileType = "wrapper.app-extension"; includeInIndex = 0; path = "Share Extension.appex"; sourceTree = BUILT_PRODUCTS_DIR; };
		B14230F11B6963940059AEF7 /* Info.plist */ = {isa = PBXFileReference; lastKnownFileType = text.plist.xml; path = Info.plist; sourceTree = "<group>"; };
		B14230FE1B69639D0059AEF7 /* Share Extension.entitlements */ = {isa = PBXFileReference; lastKnownFileType = text.xml; path = "Share Extension.entitlements"; sourceTree = "<group>"; };
		B14230FF1B69641F0059AEF7 /* ShareViewController.h */ = {isa = PBXFileReference; fileEncoding = 4; lastKnownFileType = sourcecode.c.h; path = ShareViewController.h; sourceTree = "<group>"; };
		B14231001B69641F0059AEF7 /* ShareViewController.m */ = {isa = PBXFileReference; fileEncoding = 4; lastKnownFileType = sourcecode.c.objc; path = ShareViewController.m; sourceTree = "<group>"; };
		B14231021B69642C0059AEF7 /* MainInterface.storyboard */ = {isa = PBXFileReference; fileEncoding = 4; lastKnownFileType = file.storyboard; path = MainInterface.storyboard; sourceTree = "<group>"; };
		B1AF940C1B61440E002A1903 /* Studio Notes.app */ = {isa = PBXFileReference; explicitFileType = wrapper.application; includeInIndex = 0; path = "Studio Notes.app"; sourceTree = BUILT_PRODUCTS_DIR; };
		B1AF94101B61440E002A1903 /* Info.plist */ = {isa = PBXFileReference; lastKnownFileType = text.plist.xml; path = Info.plist; sourceTree = "<group>"; };
		B1AF94111B61440E002A1903 /* main.m */ = {isa = PBXFileReference; lastKnownFileType = sourcecode.c.objc; path = main.m; sourceTree = "<group>"; };
		B1AF94131B61440E002A1903 /* AppDelegate.h */ = {isa = PBXFileReference; lastKnownFileType = sourcecode.c.h; path = AppDelegate.h; sourceTree = "<group>"; };
		B1AF94141B61440E002A1903 /* AppDelegate.m */ = {isa = PBXFileReference; lastKnownFileType = sourcecode.c.objc; path = AppDelegate.m; sourceTree = "<group>"; };
		B1AF94171B61440E002A1903 /* Studio_Notes.xcdatamodel */ = {isa = PBXFileReference; lastKnownFileType = wrapper.xcdatamodel; path = Studio_Notes.xcdatamodel; sourceTree = "<group>"; };
		B1AF94191B61440E002A1903 /* MasterViewController.h */ = {isa = PBXFileReference; lastKnownFileType = sourcecode.c.h; path = MasterViewController.h; sourceTree = "<group>"; };
		B1AF941A1B61440E002A1903 /* MasterViewController.m */ = {isa = PBXFileReference; lastKnownFileType = sourcecode.c.objc; path = MasterViewController.m; sourceTree = "<group>"; };
		B1AF941C1B61440E002A1903 /* DetailViewController.h */ = {isa = PBXFileReference; lastKnownFileType = sourcecode.c.h; path = DetailViewController.h; sourceTree = "<group>"; };
		B1AF941D1B61440E002A1903 /* DetailViewController.m */ = {isa = PBXFileReference; lastKnownFileType = sourcecode.c.objc; path = DetailViewController.m; sourceTree = "<group>"; };
		B1AF94201B61440E002A1903 /* Base */ = {isa = PBXFileReference; lastKnownFileType = file.storyboard; name = Base; path = Base.lproj/Main.storyboard; sourceTree = "<group>"; };
		B1AF94221B61440E002A1903 /* Images.xcassets */ = {isa = PBXFileReference; lastKnownFileType = folder.assetcatalog; path = Images.xcassets; sourceTree = "<group>"; };
		B1AF94251B61440E002A1903 /* Base */ = {isa = PBXFileReference; lastKnownFileType = file.xib; name = Base; path = Base.lproj/LaunchScreen.xib; sourceTree = "<group>"; };
		B1AF942B1B61440E002A1903 /* Studio NotesTests.xctest */ = {isa = PBXFileReference; explicitFileType = wrapper.cfbundle; includeInIndex = 0; path = "Studio NotesTests.xctest"; sourceTree = BUILT_PRODUCTS_DIR; };
		B1AF94301B61440E002A1903 /* Info.plist */ = {isa = PBXFileReference; lastKnownFileType = text.plist.xml; path = Info.plist; sourceTree = "<group>"; };
		B1AF94311B61440E002A1903 /* Studio_NotesTests.m */ = {isa = PBXFileReference; lastKnownFileType = sourcecode.c.objc; path = Studio_NotesTests.m; sourceTree = "<group>"; };
		B1AF943B1B61498F002A1903 /* DataSource.h */ = {isa = PBXFileReference; fileEncoding = 4; lastKnownFileType = sourcecode.c.h; path = DataSource.h; sourceTree = "<group>"; };
		B1AF943C1B61498F002A1903 /* DataSource.m */ = {isa = PBXFileReference; fileEncoding = 4; lastKnownFileType = sourcecode.c.objc; path = DataSource.m; sourceTree = "<group>"; };
/* End PBXFileReference section */

/* Begin PBXFrameworksBuildPhase section */
		B14230EB1B6963940059AEF7 /* Frameworks */ = {
			isa = PBXFrameworksBuildPhase;
			buildActionMask = 2147483647;
			files = (
			);
			runOnlyForDeploymentPostprocessing = 0;
		};
		B1AF94091B61440E002A1903 /* Frameworks */ = {
			isa = PBXFrameworksBuildPhase;
			buildActionMask = 2147483647;
			files = (
			);
			runOnlyForDeploymentPostprocessing = 0;
		};
		B1AF94281B61440E002A1903 /* Frameworks */ = {
			isa = PBXFrameworksBuildPhase;
			buildActionMask = 2147483647;
			files = (
			);
			runOnlyForDeploymentPostprocessing = 0;
		};
/* End PBXFrameworksBuildPhase section */

/* Begin PBXGroup section */
		B14230EF1B6963940059AEF7 /* Share Extension */ = {
			isa = PBXGroup;
			children = (
				B14230FE1B69639D0059AEF7 /* Share Extension.entitlements */,
				B14230FF1B69641F0059AEF7 /* ShareViewController.h */,
				B14231001B69641F0059AEF7 /* ShareViewController.m */,
				B14231021B69642C0059AEF7 /* MainInterface.storyboard */,
				B14230F01B6963940059AEF7 /* Supporting Files */,
			);
			path = "Share Extension";
			sourceTree = "<group>";
		};
		B14230F01B6963940059AEF7 /* Supporting Files */ = {
			isa = PBXGroup;
			children = (
				B14230F11B6963940059AEF7 /* Info.plist */,
			);
			name = "Supporting Files";
			sourceTree = "<group>";
		};
		B19BFFAE1B6ACD0300AE61E8 /* Shared DataSource */ = {
			isa = PBXGroup;
			children = (
				B1AF943B1B61498F002A1903 /* DataSource.h */,
				B1AF943C1B61498F002A1903 /* DataSource.m */,
			);
			name = "Shared DataSource";
			path = "Studio Notes";
			sourceTree = "<group>";
		};
		B1AF94031B61440E002A1903 = {
			isa = PBXGroup;
			children = (
				B19BFFAE1B6ACD0300AE61E8 /* Shared DataSource */,
				B1AF940E1B61440E002A1903 /* Studio Notes */,
				B14230EF1B6963940059AEF7 /* Share Extension */,
				B1AF942E1B61440E002A1903 /* Studio NotesTests */,
				B1AF940D1B61440E002A1903 /* Products */,
			);
			sourceTree = "<group>";
		};
		B1AF940D1B61440E002A1903 /* Products */ = {
			isa = PBXGroup;
			children = (
				B1AF940C1B61440E002A1903 /* Studio Notes.app */,
				B1AF942B1B61440E002A1903 /* Studio NotesTests.xctest */,
				B14230EE1B6963940059AEF7 /* Share Extension.appex */,
			);
			name = Products;
			sourceTree = "<group>";
		};
		B1AF940E1B61440E002A1903 /* Studio Notes */ = {
			isa = PBXGroup;
			children = (
				B14230E91B6963800059AEF7 /* Studio Notes.entitlements */,
				B1AF94131B61440E002A1903 /* AppDelegate.h */,
				B1AF94141B61440E002A1903 /* AppDelegate.m */,
				B1AF94191B61440E002A1903 /* MasterViewController.h */,
				B1AF941A1B61440E002A1903 /* MasterViewController.m */,
				B123B9C61B6FD910008793DF /* ResultsTableViewController.h */,
				B123B9C71B6FD910008793DF /* ResultsTableViewController.m */,
				B1AF941C1B61440E002A1903 /* DetailViewController.h */,
				B1AF941D1B61440E002A1903 /* DetailViewController.m */,
				B1AF941F1B61440E002A1903 /* Main.storyboard */,
				B123B9CB1B700733008793DF /* StudioNotesSongTableViewCell.h */,
				B123B9CC1B700733008793DF /* StudioNotesSongTableViewCell.m */,
				B1AF94221B61440E002A1903 /* Images.xcassets */,
				B1AF94241B61440E002A1903 /* LaunchScreen.xib */,
				B1AF94161B61440E002A1903 /* Studio_Notes.xcdatamodeld */,
				B1AF940F1B61440E002A1903 /* Supporting Files */,
			);
			path = "Studio Notes";
			sourceTree = "<group>";
		};
		B1AF940F1B61440E002A1903 /* Supporting Files */ = {
			isa = PBXGroup;
			children = (
				B1AF94101B61440E002A1903 /* Info.plist */,
				B1AF94111B61440E002A1903 /* main.m */,
			);
			name = "Supporting Files";
			sourceTree = "<group>";
		};
		B1AF942E1B61440E002A1903 /* Studio NotesTests */ = {
			isa = PBXGroup;
			children = (
				B1AF94311B61440E002A1903 /* Studio_NotesTests.m */,
				B1AF942F1B61440E002A1903 /* Supporting Files */,
			);
			path = "Studio NotesTests";
			sourceTree = "<group>";
		};
		B1AF942F1B61440E002A1903 /* Supporting Files */ = {
			isa = PBXGroup;
			children = (
				B1AF94301B61440E002A1903 /* Info.plist */,
			);
			name = "Supporting Files";
			sourceTree = "<group>";
		};
/* End PBXGroup section */

/* Begin PBXNativeTarget section */
		B14230ED1B6963940059AEF7 /* Share Extension */ = {
			isa = PBXNativeTarget;
			buildConfigurationList = B14230FA1B6963940059AEF7 /* Build configuration list for PBXNativeTarget "Share Extension" */;
			buildPhases = (
				B14230EA1B6963940059AEF7 /* Sources */,
				B14230EB1B6963940059AEF7 /* Frameworks */,
				B14230EC1B6963940059AEF7 /* Resources */,
			);
			buildRules = (
			);
			dependencies = (
			);
			name = "Share Extension";
			productName = "Share Extension";
			productReference = B14230EE1B6963940059AEF7 /* Share Extension.appex */;
			productType = "com.apple.product-type.app-extension";
		};
		B1AF940B1B61440E002A1903 /* Studio Notes */ = {
			isa = PBXNativeTarget;
			buildConfigurationList = B1AF94351B61440E002A1903 /* Build configuration list for PBXNativeTarget "Studio Notes" */;
			buildPhases = (
				B1AF94081B61440E002A1903 /* Sources */,
				B1AF94091B61440E002A1903 /* Frameworks */,
				B1AF940A1B61440E002A1903 /* Resources */,
				B14230FD1B6963940059AEF7 /* Embed App Extensions */,
				B14231251B69BD440059AEF7 /* Embed Frameworks */,
			);
			buildRules = (
			);
			dependencies = (
				B14230F81B6963940059AEF7 /* PBXTargetDependency */,
			);
			name = "Studio Notes";
			productName = "Studio Notes";
			productReference = B1AF940C1B61440E002A1903 /* Studio Notes.app */;
			productType = "com.apple.product-type.application";
		};
		B1AF942A1B61440E002A1903 /* Studio NotesTests */ = {
			isa = PBXNativeTarget;
			buildConfigurationList = B1AF94381B61440E002A1903 /* Build configuration list for PBXNativeTarget "Studio NotesTests" */;
			buildPhases = (
				B1AF94271B61440E002A1903 /* Sources */,
				B1AF94281B61440E002A1903 /* Frameworks */,
				B1AF94291B61440E002A1903 /* Resources */,
			);
			buildRules = (
			);
			dependencies = (
				B1AF942D1B61440E002A1903 /* PBXTargetDependency */,
			);
			name = "Studio NotesTests";
			productName = "Studio NotesTests";
			productReference = B1AF942B1B61440E002A1903 /* Studio NotesTests.xctest */;
			productType = "com.apple.product-type.bundle.unit-test";
		};
/* End PBXNativeTarget section */

/* Begin PBXProject section */
		B1AF94041B61440E002A1903 /* Project object */ = {
			isa = PBXProject;
			attributes = {
				LastUpgradeCheck = 0640;
				ORGANIZATIONNAME = "Trevor Vieweg";
				TargetAttributes = {
					B14230ED1B6963940059AEF7 = {
						CreatedOnToolsVersion = 6.4;
						DevelopmentTeam = WGAN99Y3T7;
						SystemCapabilities = {
							com.apple.ApplicationGroups.iOS = {
								enabled = 1;
							};
						};
					};
					B1AF940B1B61440E002A1903 = {
						CreatedOnToolsVersion = 6.4;
						DevelopmentTeam = WGAN99Y3T7;
						SystemCapabilities = {
							com.apple.ApplicationGroups.iOS = {
								enabled = 1;
							};
						};
					};
					B1AF942A1B61440E002A1903 = {
						CreatedOnToolsVersion = 6.4;
						TestTargetID = B1AF940B1B61440E002A1903;
					};
				};
			};
			buildConfigurationList = B1AF94071B61440E002A1903 /* Build configuration list for PBXProject "Studio Notes" */;
			compatibilityVersion = "Xcode 3.2";
			developmentRegion = English;
			hasScannedForEncodings = 0;
			knownRegions = (
				en,
				Base,
			);
			mainGroup = B1AF94031B61440E002A1903;
			productRefGroup = B1AF940D1B61440E002A1903 /* Products */;
			projectDirPath = "";
			projectRoot = "";
			targets = (
				B1AF940B1B61440E002A1903 /* Studio Notes */,
				B1AF942A1B61440E002A1903 /* Studio NotesTests */,
				B14230ED1B6963940059AEF7 /* Share Extension */,
			);
		};
/* End PBXProject section */

/* Begin PBXResourcesBuildPhase section */
		B14230EC1B6963940059AEF7 /* Resources */ = {
			isa = PBXResourcesBuildPhase;
			buildActionMask = 2147483647;
			files = (
				B14231031B69642C0059AEF7 /* MainInterface.storyboard in Resources */,
			);
			runOnlyForDeploymentPostprocessing = 0;
		};
		B1AF940A1B61440E002A1903 /* Resources */ = {
			isa = PBXResourcesBuildPhase;
			buildActionMask = 2147483647;
			files = (
				B1AF94211B61440E002A1903 /* Main.storyboard in Resources */,
				B1AF94261B61440E002A1903 /* LaunchScreen.xib in Resources */,
				B1AF94231B61440E002A1903 /* Images.xcassets in Resources */,
			);
			runOnlyForDeploymentPostprocessing = 0;
		};
		B1AF94291B61440E002A1903 /* Resources */ = {
			isa = PBXResourcesBuildPhase;
			buildActionMask = 2147483647;
			files = (
			);
			runOnlyForDeploymentPostprocessing = 0;
		};
/* End PBXResourcesBuildPhase section */

/* Begin PBXSourcesBuildPhase section */
		B14230EA1B6963940059AEF7 /* Sources */ = {
			isa = PBXSourcesBuildPhase;
			buildActionMask = 2147483647;
			files = (
				B14231291B6A841A0059AEF7 /* DataSource.m in Sources */,
				B19BFFAD1B6AC73F00AE61E8 /* Studio_Notes.xcdatamodeld in Sources */,
				B14231011B69641F0059AEF7 /* ShareViewController.m in Sources */,
			);
			runOnlyForDeploymentPostprocessing = 0;
		};
		B1AF94081B61440E002A1903 /* Sources */ = {
			isa = PBXSourcesBuildPhase;
			buildActionMask = 2147483647;
			files = (
				B1AF941E1B61440E002A1903 /* DetailViewController.m in Sources */,
				B123B9C81B6FD910008793DF /* ResultsTableViewController.m in Sources */,
				B1AF941B1B61440E002A1903 /* MasterViewController.m in Sources */,
				B1AF943D1B61498F002A1903 /* DataSource.m in Sources */,
				B123B9CD1B700733008793DF /* StudioNotesSongTableViewCell.m in Sources */,
				B1AF94151B61440E002A1903 /* AppDelegate.m in Sources */,
				B1AF94181B61440E002A1903 /* Studio_Notes.xcdatamodeld in Sources */,
				B1AF94121B61440E002A1903 /* main.m in Sources */,
			);
			runOnlyForDeploymentPostprocessing = 0;
		};
		B1AF94271B61440E002A1903 /* Sources */ = {
			isa = PBXSourcesBuildPhase;
			buildActionMask = 2147483647;
			files = (
				B1AF94321B61440E002A1903 /* Studio_NotesTests.m in Sources */,
			);
			runOnlyForDeploymentPostprocessing = 0;
		};
/* End PBXSourcesBuildPhase section */

/* Begin PBXTargetDependency section */
		B14230F81B6963940059AEF7 /* PBXTargetDependency */ = {
			isa = PBXTargetDependency;
			target = B14230ED1B6963940059AEF7 /* Share Extension */;
			targetProxy = B14230F71B6963940059AEF7 /* PBXContainerItemProxy */;
		};
		B1AF942D1B61440E002A1903 /* PBXTargetDependency */ = {
			isa = PBXTargetDependency;
			target = B1AF940B1B61440E002A1903 /* Studio Notes */;
			targetProxy = B1AF942C1B61440E002A1903 /* PBXContainerItemProxy */;
		};
/* End PBXTargetDependency section */

/* Begin PBXVariantGroup section */
		B1AF941F1B61440E002A1903 /* Main.storyboard */ = {
			isa = PBXVariantGroup;
			children = (
				B1AF94201B61440E002A1903 /* Base */,
			);
			name = Main.storyboard;
			sourceTree = "<group>";
		};
		B1AF94241B61440E002A1903 /* LaunchScreen.xib */ = {
			isa = PBXVariantGroup;
			children = (
				B1AF94251B61440E002A1903 /* Base */,
			);
			name = LaunchScreen.xib;
			sourceTree = "<group>";
		};
/* End PBXVariantGroup section */

/* Begin XCBuildConfiguration section */
		B14230FB1B6963940059AEF7 /* Debug */ = {
			isa = XCBuildConfiguration;
			buildSettings = {
				CODE_SIGN_ENTITLEMENTS = "Share Extension/Share Extension.entitlements";
				CODE_SIGN_IDENTITY = "iPhone Developer";
				GCC_PREPROCESSOR_DEFINITIONS = (
					"DEBUG=1",
					"$(inherited)",
				);
				INFOPLIST_FILE = "Share Extension/Info.plist";
				LD_RUNPATH_SEARCH_PATHS = "$(inherited) @executable_path/Frameworks @executable_path/../../Frameworks";
				PRODUCT_NAME = "$(TARGET_NAME)";
				SKIP_INSTALL = YES;
			};
			name = Debug;
		};
		B14230FC1B6963940059AEF7 /* Release */ = {
			isa = XCBuildConfiguration;
			buildSettings = {
				CODE_SIGN_ENTITLEMENTS = "Share Extension/Share Extension.entitlements";
				CODE_SIGN_IDENTITY = "iPhone Developer";
				INFOPLIST_FILE = "Share Extension/Info.plist";
				LD_RUNPATH_SEARCH_PATHS = "$(inherited) @executable_path/Frameworks @executable_path/../../Frameworks";
				PRODUCT_NAME = "$(TARGET_NAME)";
				SKIP_INSTALL = YES;
			};
			name = Release;
		};
		B1AF94331B61440E002A1903 /* Debug */ = {
			isa = XCBuildConfiguration;
			buildSettings = {
				ALWAYS_SEARCH_USER_PATHS = NO;
				CLANG_CXX_LANGUAGE_STANDARD = "gnu++0x";
				CLANG_CXX_LIBRARY = "libc++";
				CLANG_ENABLE_MODULES = YES;
				CLANG_ENABLE_OBJC_ARC = YES;
				CLANG_WARN_BOOL_CONVERSION = YES;
				CLANG_WARN_CONSTANT_CONVERSION = YES;
				CLANG_WARN_DIRECT_OBJC_ISA_USAGE = YES_ERROR;
				CLANG_WARN_EMPTY_BODY = YES;
				CLANG_WARN_ENUM_CONVERSION = YES;
				CLANG_WARN_INT_CONVERSION = YES;
				CLANG_WARN_OBJC_ROOT_CLASS = YES_ERROR;
				CLANG_WARN_UNREACHABLE_CODE = YES;
				CLANG_WARN__DUPLICATE_METHOD_MATCH = YES;
				"CODE_SIGN_IDENTITY[sdk=iphoneos*]" = "iPhone Developer";
				COPY_PHASE_STRIP = NO;
				DEBUG_INFORMATION_FORMAT = "dwarf-with-dsym";
				ENABLE_STRICT_OBJC_MSGSEND = YES;
				GCC_C_LANGUAGE_STANDARD = gnu99;
				GCC_DYNAMIC_NO_PIC = NO;
				GCC_NO_COMMON_BLOCKS = YES;
				GCC_OPTIMIZATION_LEVEL = 0;
				GCC_PREPROCESSOR_DEFINITIONS = (
					"DEBUG=1",
					"$(inherited)",
				);
				GCC_SYMBOLS_PRIVATE_EXTERN = NO;
				GCC_WARN_64_TO_32_BIT_CONVERSION = YES;
				GCC_WARN_ABOUT_RETURN_TYPE = YES_ERROR;
				GCC_WARN_UNDECLARED_SELECTOR = YES;
				GCC_WARN_UNINITIALIZED_AUTOS = YES_AGGRESSIVE;
				GCC_WARN_UNUSED_FUNCTION = YES;
				GCC_WARN_UNUSED_VARIABLE = YES;
				IPHONEOS_DEPLOYMENT_TARGET = 8.4;
				MTL_ENABLE_DEBUG_INFO = YES;
				ONLY_ACTIVE_ARCH = YES;
				SDKROOT = iphoneos;
				TARGETED_DEVICE_FAMILY = "1,2";
			};
			name = Debug;
		};
		B1AF94341B61440E002A1903 /* Release */ = {
			isa = XCBuildConfiguration;
			buildSettings = {
				ALWAYS_SEARCH_USER_PATHS = NO;
				CLANG_CXX_LANGUAGE_STANDARD = "gnu++0x";
				CLANG_CXX_LIBRARY = "libc++";
				CLANG_ENABLE_MODULES = YES;
				CLANG_ENABLE_OBJC_ARC = YES;
				CLANG_WARN_BOOL_CONVERSION = YES;
				CLANG_WARN_CONSTANT_CONVERSION = YES;
				CLANG_WARN_DIRECT_OBJC_ISA_USAGE = YES_ERROR;
				CLANG_WARN_EMPTY_BODY = YES;
				CLANG_WARN_ENUM_CONVERSION = YES;
				CLANG_WARN_INT_CONVERSION = YES;
				CLANG_WARN_OBJC_ROOT_CLASS = YES_ERROR;
				CLANG_WARN_UNREACHABLE_CODE = YES;
				CLANG_WARN__DUPLICATE_METHOD_MATCH = YES;
				"CODE_SIGN_IDENTITY[sdk=iphoneos*]" = "iPhone Developer";
				COPY_PHASE_STRIP = NO;
				DEBUG_INFORMATION_FORMAT = "dwarf-with-dsym";
				ENABLE_NS_ASSERTIONS = NO;
				ENABLE_STRICT_OBJC_MSGSEND = YES;
				GCC_C_LANGUAGE_STANDARD = gnu99;
				GCC_NO_COMMON_BLOCKS = YES;
				GCC_WARN_64_TO_32_BIT_CONVERSION = YES;
				GCC_WARN_ABOUT_RETURN_TYPE = YES_ERROR;
				GCC_WARN_UNDECLARED_SELECTOR = YES;
				GCC_WARN_UNINITIALIZED_AUTOS = YES_AGGRESSIVE;
				GCC_WARN_UNUSED_FUNCTION = YES;
				GCC_WARN_UNUSED_VARIABLE = YES;
				IPHONEOS_DEPLOYMENT_TARGET = 8.4;
				MTL_ENABLE_DEBUG_INFO = NO;
				SDKROOT = iphoneos;
				TARGETED_DEVICE_FAMILY = "1,2";
				VALIDATE_PRODUCT = YES;
			};
			name = Release;
		};
		B1AF94361B61440E002A1903 /* Debug */ = {
			isa = XCBuildConfiguration;
			buildSettings = {
				ASSETCATALOG_COMPILER_APPICON_NAME = AppIcon;
				CODE_SIGN_ENTITLEMENTS = "Studio Notes/Studio Notes.entitlements";
				INFOPLIST_FILE = "Studio Notes/Info.plist";
				IPHONEOS_DEPLOYMENT_TARGET = 8.4;
				LD_RUNPATH_SEARCH_PATHS = "$(inherited) @executable_path/Frameworks";
				PRODUCT_NAME = "$(TARGET_NAME)";
			};
			name = Debug;
		};
		B1AF94371B61440E002A1903 /* Release */ = {
			isa = XCBuildConfiguration;
			buildSettings = {
				ASSETCATALOG_COMPILER_APPICON_NAME = AppIcon;
				CODE_SIGN_ENTITLEMENTS = "Studio Notes/Studio Notes.entitlements";
				INFOPLIST_FILE = "Studio Notes/Info.plist";
				IPHONEOS_DEPLOYMENT_TARGET = 8.4;
				LD_RUNPATH_SEARCH_PATHS = "$(inherited) @executable_path/Frameworks";
				PRODUCT_NAME = "$(TARGET_NAME)";
			};
			name = Release;
		};
		B1AF94391B61440E002A1903 /* Debug */ = {
			isa = XCBuildConfiguration;
			buildSettings = {
				BUNDLE_LOADER = "$(TEST_HOST)";
				FRAMEWORK_SEARCH_PATHS = (
					"$(SDKROOT)/Developer/Library/Frameworks",
					"$(inherited)",
				);
				GCC_PREPROCESSOR_DEFINITIONS = (
					"DEBUG=1",
					"$(inherited)",
				);
				INFOPLIST_FILE = "Studio NotesTests/Info.plist";
				LD_RUNPATH_SEARCH_PATHS = "$(inherited) @executable_path/Frameworks @loader_path/Frameworks";
				PRODUCT_NAME = "$(TARGET_NAME)";
				TEST_HOST = "$(BUILT_PRODUCTS_DIR)/Studio Notes.app/Studio Notes";
			};
			name = Debug;
		};
		B1AF943A1B61440E002A1903 /* Release */ = {
			isa = XCBuildConfiguration;
			buildSettings = {
				BUNDLE_LOADER = "$(TEST_HOST)";
				FRAMEWORK_SEARCH_PATHS = (
					"$(SDKROOT)/Developer/Library/Frameworks",
					"$(inherited)",
				);
				INFOPLIST_FILE = "Studio NotesTests/Info.plist";
				LD_RUNPATH_SEARCH_PATHS = "$(inherited) @executable_path/Frameworks @loader_path/Frameworks";
				PRODUCT_NAME = "$(TARGET_NAME)";
				TEST_HOST = "$(BUILT_PRODUCTS_DIR)/Studio Notes.app/Studio Notes";
			};
			name = Release;
		};
/* End XCBuildConfiguration section */

/* Begin XCConfigurationList section */
		B14230FA1B6963940059AEF7 /* Build configuration list for PBXNativeTarget "Share Extension" */ = {
			isa = XCConfigurationList;
			buildConfigurations = (
				B14230FB1B6963940059AEF7 /* Debug */,
				B14230FC1B6963940059AEF7 /* Release */,
			);
			defaultConfigurationIsVisible = 0;
			defaultConfigurationName = Release;
		};
		B1AF94071B61440E002A1903 /* Build configuration list for PBXProject "Studio Notes" */ = {
			isa = XCConfigurationList;
			buildConfigurations = (
				B1AF94331B61440E002A1903 /* Debug */,
				B1AF94341B61440E002A1903 /* Release */,
			);
			defaultConfigurationIsVisible = 0;
			defaultConfigurationName = Release;
		};
		B1AF94351B61440E002A1903 /* Build configuration list for PBXNativeTarget "Studio Notes" */ = {
			isa = XCConfigurationList;
			buildConfigurations = (
				B1AF94361B61440E002A1903 /* Debug */,
				B1AF94371B61440E002A1903 /* Release */,
			);
			defaultConfigurationIsVisible = 0;
			defaultConfigurationName = Release;
		};
		B1AF94381B61440E002A1903 /* Build configuration list for PBXNativeTarget "Studio NotesTests" */ = {
			isa = XCConfigurationList;
			buildConfigurations = (
				B1AF94391B61440E002A1903 /* Debug */,
				B1AF943A1B61440E002A1903 /* Release */,
			);
			defaultConfigurationIsVisible = 0;
			defaultConfigurationName = Release;
		};
/* End XCConfigurationList section */

/* Begin XCVersionGroup section */
		B1AF94161B61440E002A1903 /* Studio_Notes.xcdatamodeld */ = {
			isa = XCVersionGroup;
			children = (
				B1AF94171B61440E002A1903 /* Studio_Notes.xcdatamodel */,
			);
			currentVersion = B1AF94171B61440E002A1903 /* Studio_Notes.xcdatamodel */;
			path = Studio_Notes.xcdatamodeld;
			sourceTree = "<group>";
			versionGroupType = wrapper.xcdatamodel;
		};
/* End XCVersionGroup section */
	};
	rootObject = B1AF94041B61440E002A1903 /* Project object */;
}
